
Microsoft Visual Studio Solution File, Format Version 12.00
# Visual Studio Version 17
VisualStudioVersion = 17.4.33213.308
MinimumVisualStudioVersion = 10.0.40219.1
Project("{FAE04EC0-301F-11D3-BF4B-00C04F79EFBC}") = "ShopOnline", "ShopOnline\ShopOnline.csproj", "{8F306DEA-7BF8-4D4D-A002-3490EBA75890}"
EndProject
Global
	GlobalSection(SolutionConfigurationPlatforms) = preSolution
		Debug|Any CPU = Debug|Any CPU
		Release|Any CPU = Release|Any CPU
	EndGlobalSection
	GlobalSection(ProjectConfigurationPlatforms) = postSolution
		{8F306DEA-7BF8-4D4D-A002-3490EBA75890}.Debug|Any CPU.ActiveCfg = Debug|Any CPU
		{8F306DEA-7BF8-4D4D-A002-3490EBA75890}.Debug|Any CPU.Build.0 = Debug|Any CPU
		{8F306DEA-7BF8-4D4D-A002-3490EBA75890}.Release|Any CPU.ActiveCfg = Release|Any CPU
		{8F306DEA-7BF8-4D4D-A002-3490EBA75890}.Release|Any CPU.Build.0 = Release|Any CPU
	EndGlobalSection
	GlobalSection(SolutionProperties) = preSolution
		HideSolutionNode = FALSE
	EndGlobalSection
	GlobalSection(ExtensibilityGlobals) = postSolution
		SolutionGuid = {67B7B480-04A2-4C93-AD32-C4E1234BB200}
	EndGlobalSection
EndGlobal
